
Microsoft Visual Studio Solution File, Format Version 12.00
# Visual Studio 15
VisualStudioVersion = 15.0.27004.2009
MinimumVisualStudioVersion = 10.0.40219.1
Project("{FAE04EC0-301F-11D3-BF4B-00C04F79EFBC}") = "QRCodeGenerator", "QRCodeGenerator\QRCodeGenerator.csproj", "{15CB3898-C97E-4EB2-B4D0-094E0E357040}"
EndProject
Global
	GlobalSection(SolutionConfigurationPlatforms) = preSolution
		Debug|Any CPU = Debug|Any CPU
		Release|Any CPU = Release|Any CPU
	EndGlobalSection
	GlobalSection(ProjectConfigurationPlatforms) = postSolution
		{15CB3898-C97E-4EB2-B4D0-094E0E357040}.Debug|Any CPU.ActiveCfg = Debug|Any CPU
		{15CB3898-C97E-4EB2-B4D0-094E0E357040}.Debug|Any CPU.Build.0 = Debug|Any CPU
		{15CB3898-C97E-4EB2-B4D0-094E0E357040}.Release|Any CPU.ActiveCfg = Release|Any CPU
		{15CB3898-C97E-4EB2-B4D0-094E0E357040}.Release|Any CPU.Build.0 = Release|Any CPU
	EndGlobalSection
	GlobalSection(SolutionProperties) = preSolution
		HideSolutionNode = FALSE
	EndGlobalSection
	GlobalSection(ExtensibilityGlobals) = postSolution
		SolutionGuid = {A02AFB4D-1A5A-42D7-B924-DB5ED0C1DC73}
	EndGlobalSection
EndGlobal
